// !$*UTF8*$!
{
	archiveVersion = 1;
	classes = {
	};
	objectVersion = 46;
	objects = {

/* Begin PBXBuildFile section */
		0C12ED001EADF80C00E65F46 /* main.m in Sources */ = {isa = PBXBuildFile; fileRef = 0C12ECFF1EADF80C00E65F46 /* main.m */; };
		0C12ED031EADF80C00E65F46 /* AppDelegate.m in Sources */ = {isa = PBXBuildFile; fileRef = 0C12ED021EADF80C00E65F46 /* AppDelegate.m */; };
		0C12ED061EADF80C00E65F46 /* ViewController.m in Sources */ = {isa = PBXBuildFile; fileRef = 0C12ED051EADF80C00E65F46 /* ViewController.m */; };
		0C12ED091EADF80C00E65F46 /* Main.storyboard in Resources */ = {isa = PBXBuildFile; fileRef = 0C12ED071EADF80C00E65F46 /* Main.storyboard */; };
		0C12ED0B1EADF80C00E65F46 /* Assets.xcassets in Resources */ = {isa = PBXBuildFile; fileRef = 0C12ED0A1EADF80C00E65F46 /* Assets.xcassets */; };
		0C12ED0E1EADF80C00E65F46 /* LaunchScreen.storyboard in Resources */ = {isa = PBXBuildFile; fileRef = 0C12ED0C1EADF80C00E65F46 /* LaunchScreen.storyboard */; };
		0C12ED1D1EADF85E00E65F46 /* NSString+YBAttributeText.m in Sources */ = {isa = PBXBuildFile; fileRef = 0C12ED181EADF85E00E65F46 /* NSString+YBAttributeText.m */; };
		0C12ED1E1EADF85E00E65F46 /* NSAttributedString+YBAttributeText.m in Sources */ = {isa = PBXBuildFile; fileRef = 0C12ED1A1EADF85E00E65F46 /* NSAttributedString+YBAttributeText.m */; };
		0C12ED1F1EADF85E00E65F46 /* YBAttributeMake.m in Sources */ = {isa = PBXBuildFile; fileRef = 0C12ED1C1EADF85E00E65F46 /* YBAttributeMake.m */; };
/* End PBXBuildFile section */

/* Begin PBXFileReference section */
		0C12ECFB1EADF80C00E65F46 /* YBAttributeStringDemo.app */ = {isa = PBXFileReference; explicitFileType = wrapper.application; includeInIndex = 0; path = YBAttributeStringDemo.app; sourceTree = BUILT_PRODUCTS_DIR; };
		0C12ECFF1EADF80C00E65F46 /* main.m */ = {isa = PBXFileReference; lastKnownFileType = sourcecode.c.objc; path = main.m; sourceTree = "<group>"; };
		0C12ED011EADF80C00E65F46 /* AppDelegate.h */ = {isa = PBXFileReference; lastKnownFileType = sourcecode.c.h; path = AppDelegate.h; sourceTree = "<group>"; };
		0C12ED021EADF80C00E65F46 /* AppDelegate.m */ = {isa = PBXFileReference; lastKnownFileType = sourcecode.c.objc; path = AppDelegate.m; sourceTree = "<group>"; };
		0C12ED041EADF80C00E65F46 /* ViewController.h */ = {isa = PBXFileReference; lastKnownFileType = sourcecode.c.h; path = ViewController.h; sourceTree = "<group>"; };
		0C12ED051EADF80C00E65F46 /* ViewController.m */ = {isa = PBXFileReference; lastKnownFileType = sourcecode.c.objc; path = ViewController.m; sourceTree = "<group>"; };
		0C12ED081EADF80C00E65F46 /* Base */ = {isa = PBXFileReference; lastKnownFileType = file.storyboard; name = Base; path = Base.lproj/Main.storyboard; sourceTree = "<group>"; };
		0C12ED0A1EADF80C00E65F46 /* Assets.xcassets */ = {isa = PBXFileReference; lastKnownFileType = folder.assetcatalog; path = Assets.xcassets; sourceTree = "<group>"; };
		0C12ED0D1EADF80C00E65F46 /* Base */ = {isa = PBXFileReference; lastKnownFileType = file.storyboard; name = Base; path = Base.lproj/LaunchScreen.storyboard; sourceTree = "<group>"; };
		0C12ED0F1EADF80C00E65F46 /* Info.plist */ = {isa = PBXFileReference; lastKnownFileType = text.plist.xml; path = Info.plist; sourceTree = "<group>"; };
		0C12ED161EADF84D00E65F46 /* YBAttributeString.h */ = {isa = PBXFileReference; fileEncoding = 4; lastKnownFileType = sourcecode.c.h; path = YBAttributeString.h; sourceTree = "<group>"; };
		0C12ED171EADF85E00E65F46 /* NSString+YBAttributeText.h */ = {isa = PBXFileReference; fileEncoding = 4; lastKnownFileType = sourcecode.c.h; path = "NSString+YBAttributeText.h"; sourceTree = "<group>"; };
		0C12ED181EADF85E00E65F46 /* NSString+YBAttributeText.m */ = {isa = PBXFileReference; fileEncoding = 4; lastKnownFileType = sourcecode.c.objc; path = "NSString+YBAttributeText.m"; sourceTree = "<group>"; };
		0C12ED191EADF85E00E65F46 /* NSAttributedString+YBAttributeText.h */ = {isa = PBXFileReference; fileEncoding = 4; lastKnownFileType = sourcecode.c.h; path = "NSAttributedString+YBAttributeText.h"; sourceTree = "<group>"; };
		0C12ED1A1EADF85E00E65F46 /* NSAttributedString+YBAttributeText.m */ = {isa = PBXFileReference; fileEncoding = 4; lastKnownFileType = sourcecode.c.objc; path = "NSAttributedString+YBAttributeText.m"; sourceTree = "<group>"; };
		0C12ED1B1EADF85E00E65F46 /* YBAttributeMake.h */ = {isa = PBXFileReference; fileEncoding = 4; lastKnownFileType = sourcecode.c.h; path = YBAttributeMake.h; sourceTree = "<group>"; };
		0C12ED1C1EADF85E00E65F46 /* YBAttributeMake.m */ = {isa = PBXFileReference; fileEncoding = 4; lastKnownFileType = sourcecode.c.objc; path = YBAttributeMake.m; sourceTree = "<group>"; };
/* End PBXFileReference section */

/* Begin PBXFrameworksBuildPhase section */
		0C12ECF81EADF80C00E65F46 /* Frameworks */ = {
			isa = PBXFrameworksBuildPhase;
			buildActionMask = 2147483647;
			files = (
			);
			runOnlyForDeploymentPostprocessing = 0;
		};
/* End PBXFrameworksBuildPhase section */

/* Begin PBXGroup section */
		0C12ECF21EADF80C00E65F46 = {
			isa = PBXGroup;
			children = (
				0C12ECFD1EADF80C00E65F46 /* YBAttributeStringDemo */,
				0C12ECFC1EADF80C00E65F46 /* Products */,
			);
			sourceTree = "<group>";
		};
		0C12ECFC1EADF80C00E65F46 /* Products */ = {
			isa = PBXGroup;
			children = (
				0C12ECFB1EADF80C00E65F46 /* YBAttributeStringDemo.app */,
			);
			name = Products;
			sourceTree = "<group>";
		};
		0C12ECFD1EADF80C00E65F46 /* YBAttributeStringDemo */ = {
			isa = PBXGroup;
			children = (
				0C12ED011EADF80C00E65F46 /* AppDelegate.h */,
				0C12ED021EADF80C00E65F46 /* AppDelegate.m */,
				0C12ED041EADF80C00E65F46 /* ViewController.h */,
				0C12ED051EADF80C00E65F46 /* ViewController.m */,
				0C12ED151EADF83800E65F46 /* YBAttributeString */,
				0C12ED071EADF80C00E65F46 /* Main.storyboard */,
				0C12ED0A1EADF80C00E65F46 /* Assets.xcassets */,
				0C12ED0C1EADF80C00E65F46 /* LaunchScreen.storyboard */,
				0C12ED0F1EADF80C00E65F46 /* Info.plist */,
				0C12ECFE1EADF80C00E65F46 /* Supporting Files */,
			);
			path = YBAttributeStringDemo;
			sourceTree = "<group>";
		};
		0C12ECFE1EADF80C00E65F46 /* Supporting Files */ = {
			isa = PBXGroup;
			children = (
				0C12ECFF1EADF80C00E65F46 /* main.m */,
			);
			name = "Supporting Files";
			sourceTree = "<group>";
		};
		0C12ED151EADF83800E65F46 /* YBAttributeString */ = {
			isa = PBXGroup;
			children = (
				0C12ED161EADF84D00E65F46 /* YBAttributeString.h */,
				0C12ED171EADF85E00E65F46 /* NSString+YBAttributeText.h */,
				0C12ED181EADF85E00E65F46 /* NSString+YBAttributeText.m */,
				0C12ED191EADF85E00E65F46 /* NSAttributedString+YBAttributeText.h */,
				0C12ED1A1EADF85E00E65F46 /* NSAttributedString+YBAttributeText.m */,
				0C12ED1B1EADF85E00E65F46 /* YBAttributeMake.h */,
				0C12ED1C1EADF85E00E65F46 /* YBAttributeMake.m */,
			);
			path = YBAttributeString;
			sourceTree = "<group>";
		};
/* End PBXGroup section */

/* Begin PBXNativeTarget section */
		0C12ECFA1EADF80C00E65F46 /* YBAttributeStringDemo */ = {
			isa = PBXNativeTarget;
			buildConfigurationList = 0C12ED121EADF80C00E65F46 /* Build configuration list for PBXNativeTarget "YBAttributeStringDemo" */;
			buildPhases = (
				0C12ECF71EADF80C00E65F46 /* Sources */,
				0C12ECF81EADF80C00E65F46 /* Frameworks */,
				0C12ECF91EADF80C00E65F46 /* Resources */,
			);
			buildRules = (
			);
			dependencies = (
			);
			name = YBAttributeStringDemo;
			productName = YBAttributeStringDemo;
			productReference = 0C12ECFB1EADF80C00E65F46 /* YBAttributeStringDemo.app */;
			productType = "com.apple.product-type.application";
		};
/* End PBXNativeTarget section */

/* Begin PBXProject section */
		0C12ECF31EADF80C00E65F46 /* Project object */ = {
			isa = PBXProject;
			attributes = {
				LastUpgradeCheck = 0820;
				ORGANIZATIONNAME = lyb;
				TargetAttributes = {
					0C12ECFA1EADF80C00E65F46 = {
						CreatedOnToolsVersion = 8.2.1;
						DevelopmentTeam = 76NVUL9XC6;
						ProvisioningStyle = Automatic;
					};
				};
			};
			buildConfigurationList = 0C12ECF61EADF80C00E65F46 /* Build configuration list for PBXProject "YBAttributeStringDemo" */;
			compatibilityVersion = "Xcode 3.2";
			developmentRegion = English;
			hasScannedForEncodings = 0;
			knownRegions = (
				en,
				Base,
			);
			mainGroup = 0C12ECF21EADF80C00E65F46;
			productRefGroup = 0C12ECFC1EADF80C00E65F46 /* Products */;
			projectDirPath = "";
			projectRoot = "";
			targets = (
				0C12ECFA1EADF80C00E65F46 /* YBAttributeStringDemo */,
			);
		};
/* End PBXProject section */

/* Begin PBXResourcesBuildPhase section */
		0C12ECF91EADF80C00E65F46 /* Resources */ = {
			isa = PBXResourcesBuildPhase;
			buildActionMask = 2147483647;
			files = (
				0C12ED0E1EADF80C00E65F46 /* LaunchScreen.storyboard in Resources */,
				0C12ED0B1EADF80C00E65F46 /* Assets.xcassets in Resources */,
				0C12ED091EADF80C00E65F46 /* Main.storyboard in Resources */,
			);
			runOnlyForDeploymentPostprocessing = 0;
		};
/* End PBXResourcesBuildPhase section */

/* Begin PBXSourcesBuildPhase section */
		0C12ECF71EADF80C00E65F46 /* Sources */ = {
			isa = PBXSourcesBuildPhase;
			buildActionMask = 2147483647;
			files = (
				0C12ED1D1EADF85E00E65F46 /* NSString+YBAttributeText.m in Sources */,
				0C12ED1F1EADF85E00E65F46 /* YBAttributeMake.m in Sources */,
				0C12ED061EADF80C00E65F46 /* ViewController.m in Sources */,
				0C12ED1E1EADF85E00E65F46 /* NSAttributedString+YBAttributeText.m in Sources */,
				0C12ED031EADF80C00E65F46 /* AppDelegate.m in Sources */,
				0C12ED001EADF80C00E65F46 /* main.m in Sources */,
			);
			runOnlyForDeploymentPostprocessing = 0;
		};
/* End PBXSourcesBuildPhase section */

/* Begin PBXVariantGroup section */
		0C12ED071EADF80C00E65F46 /* Main.storyboard */ = {
			isa = PBXVariantGroup;
			children = (
				0C12ED081EADF80C00E65F46 /* Base */,
			);
			name = Main.storyboard;
			sourceTree = "<group>";
		};
		0C12ED0C1EADF80C00E65F46 /* LaunchScreen.storyboard */ = {
			isa = PBXVariantGroup;
			children = (
				0C12ED0D1EADF80C00E65F46 /* Base */,
			);
			name = LaunchScreen.storyboard;
			sourceTree = "<group>";
		};
/* End PBXVariantGroup section */

/* Begin XCBuildConfiguration section */
		0C12ED101EADF80C00E65F46 /* Debug */ = {
			isa = XCBuildConfiguration;
			buildSettings = {
				ALWAYS_SEARCH_USER_PATHS = NO;
				CLANG_ANALYZER_NONNULL = YES;
				CLANG_CXX_LANGUAGE_STANDARD = "gnu++0x";
				CLANG_CXX_LIBRARY = "libc++";
				CLANG_ENABLE_MODULES = YES;
				CLANG_ENABLE_OBJC_ARC = YES;
				CLANG_WARN_BOOL_CONVERSION = YES;
				CLANG_WARN_CONSTANT_CONVERSION = YES;
				CLANG_WARN_DIRECT_OBJC_ISA_USAGE = YES_ERROR;
				CLANG_WARN_DOCUMENTATION_COMMENTS = YES;
				CLANG_WARN_EMPTY_BODY = YES;
				CLANG_WARN_ENUM_CONVERSION = YES;
				CLANG_WARN_INFINITE_RECURSION = YES;
				CLANG_WARN_INT_CONVERSION = YES;
				CLANG_WARN_OBJC_ROOT_CLASS = YES_ERROR;
				CLANG_WARN_SUSPICIOUS_MOVE = YES;
				CLANG_WARN_UNREACHABLE_CODE = YES;
				CLANG_WARN__DUPLICATE_METHOD_MATCH = YES;
				"CODE_SIGN_IDENTITY[sdk=iphoneos*]" = "iPhone Developer";
				COPY_PHASE_STRIP = NO;
				DEBUG_INFORMATION_FORMAT = dwarf;
				ENABLE_STRICT_OBJC_MSGSEND = YES;
				ENABLE_TESTABILITY = YES;
				GCC_C_LANGUAGE_STANDARD = gnu99;
				GCC_DYNAMIC_NO_PIC = NO;
				GCC_NO_COMMON_BLOCKS = YES;
				GCC_OPTIMIZATION_LEVEL = 0;
				GCC_PREPROCESSOR_DEFINITIONS = (
					"DEBUG=1",
					"$(inherited)",
				);
				GCC_WARN_64_TO_32_BIT_CONVERSION = YES;
				GCC_WARN_ABOUT_RETURN_TYPE = YES_ERROR;
				GCC_WARN_UNDECLARED_SELECTOR = YES;
				GCC_WARN_UNINITIALIZED_AUTOS = YES_AGGRESSIVE;
				GCC_WARN_UNUSED_FUNCTION = YES;
				GCC_WARN_UNUSED_VARIABLE = YES;
				IPHONEOS_DEPLOYMENT_TARGET = 10.2;
				MTL_ENABLE_DEBUG_INFO = YES;
				ONLY_ACTIVE_ARCH = YES;
				SDKROOT = iphoneos;
			};
			name = Debug;
		};
		0C12ED111EADF80C00E65F46 /* Release */ = {
			isa = XCBuildConfiguration;
			buildSettings = {
				ALWAYS_SEARCH_USER_PATHS = NO;
				CLANG_ANALYZER_NONNULL = YES;
				CLANG_CXX_LANGUAGE_STANDARD = "gnu++0x";
				CLANG_CXX_LIBRARY = "libc++";
				CLANG_ENABLE_MODULES = YES;
				CLANG_ENABLE_OBJC_ARC = YES;
				CLANG_WARN_BOOL_CONVERSION = YES;
				CLANG_WARN_CONSTANT_CONVERSION = YES;
				CLANG_WARN_DIRECT_OBJC_ISA_USAGE = YES_ERROR;
				CLANG_WARN_DOCUMENTATION_COMMENTS = YES;
				CLANG_WARN_EMPTY_BODY = YES;
				CLANG_WARN_ENUM_CONVERSION = YES;
				CLANG_WARN_INFINITE_RECURSION = YES;
				CLANG_WARN_INT_CONVERSION = YES;
				CLANG_WARN_OBJC_ROOT_CLASS = YES_ERROR;
				CLANG_WARN_SUSPICIOUS_MOVE = YES;
				CLANG_WARN_UNREACHABLE_CODE = YES;
				CLANG_WARN__DUPLICATE_METHOD_MATCH = YES;
				"CODE_SIGN_IDENTITY[sdk=iphoneos*]" = "iPhone Developer";
				COPY_PHASE_STRIP = NO;
				DEBUG_INFORMATION_FORMAT = "dwarf-with-dsym";
				ENABLE_NS_ASSERTIONS = NO;
				ENABLE_STRICT_OBJC_MSGSEND = YES;
				GCC_C_LANGUAGE_STANDARD = gnu99;
				GCC_NO_COMMON_BLOCKS = YES;
				GCC_WARN_64_TO_32_BIT_CONVERSION = YES;
				GCC_WARN_ABOUT_RETURN_TYPE = YES_ERROR;
				GCC_WARN_UNDECLARED_SELECTOR = YES;
				GCC_WARN_UNINITIALIZED_AUTOS = YES_AGGRESSIVE;
				GCC_WARN_UNUSED_FUNCTION = YES;
				GCC_WARN_UNUSED_VARIABLE = YES;
				IPHONEOS_DEPLOYMENT_TARGET = 10.2;
				MTL_ENABLE_DEBUG_INFO = NO;
				SDKROOT = iphoneos;
				VALIDATE_PRODUCT = YES;
			};
			name = Release;
		};
		0C12ED131EADF80C00E65F46 /* Debug */ = {
			isa = XCBuildConfiguration;
			buildSettings = {
				ASSETCATALOG_COMPILER_APPICON_NAME = AppIcon;
				DEVELOPMENT_TEAM = 76NVUL9XC6;
				INFOPLIST_FILE = YBAttributeStringDemo/Info.plist;
				LD_RUNPATH_SEARCH_PATHS = "$(inherited) @executable_path/Frameworks";
				PRODUCT_BUNDLE_IDENTIFIER = lee.YBAttributeStringDemo;
				PRODUCT_NAME = "$(TARGET_NAME)";
			};
			name = Debug;
		};
		0C12ED141EADF80C00E65F46 /* Release */ = {
			isa = XCBuildConfiguration;
			buildSettings = {
				ASSETCATALOG_COMPILER_APPICON_NAME = AppIcon;
				DEVELOPMENT_TEAM = 76NVUL9XC6;
				INFOPLIST_FILE = YBAttributeStringDemo/Info.plist;
				LD_RUNPATH_SEARCH_PATHS = "$(inherited) @executable_path/Frameworks";
				PRODUCT_BUNDLE_IDENTIFIER = lee.YBAttributeStringDemo;
				PRODUCT_NAME = "$(TARGET_NAME)";
			};
			name = Release;
		};
/* End XCBuildConfiguration section */

/* Begin XCConfigurationList section */
		0C12ECF61EADF80C00E65F46 /* Build configuration list for PBXProject "YBAttributeStringDemo" */ = {
			isa = XCConfigurationList;
			buildConfigurations = (
				0C12ED101EADF80C00E65F46 /* Debug */,
				0C12ED111EADF80C00E65F46 /* Release */,
			);
			defaultConfigurationIsVisible = 0;
			defaultConfigurationName = Release;
		};
		0C12ED121EADF80C00E65F46 /* Build configuration list for PBXNativeTarget "YBAttributeStringDemo" */ = {
			isa = XCConfigurationList;
			buildConfigurations = (
				0C12ED131EADF80C00E65F46 /* Debug */,
				0C12ED141EADF80C00E65F46 /* Release */,
			);
			defaultConfigurationIsVisible = 0;
			defaultConfigurationName = Release;
		};
/* End XCConfigurationList section */
	};
	rootObject = 0C12ECF31EADF80C00E65F46 /* Project object */;
}
